
Microsoft Visual Studio Solution File, Format Version 12.00
# Visual Studio 15
VisualStudioVersion = 15.0.28307.421
MinimumVisualStudioVersion = 10.0.40219.1
Project("{FAE04EC0-301F-11D3-BF4B-00C04F79EFBC}") = "ExellOnServices", "ExellOnServices\ExellOnServices.csproj", "{86939B2B-E11D-44B4-84D3-7127E9EEE546}"
EndProject
Global
	GlobalSection(SolutionConfigurationPlatforms) = preSolution
		Debug|Any CPU = Debug|Any CPU
		Release|Any CPU = Release|Any CPU
	EndGlobalSection
	GlobalSection(ProjectConfigurationPlatforms) = postSolution
		{86939B2B-E11D-44B4-84D3-7127E9EEE546}.Debug|Any CPU.ActiveCfg = Debug|Any CPU
		{86939B2B-E11D-44B4-84D3-7127E9EEE546}.Debug|Any CPU.Build.0 = Debug|Any CPU
		{86939B2B-E11D-44B4-84D3-7127E9EEE546}.Release|Any CPU.ActiveCfg = Release|Any CPU
		{86939B2B-E11D-44B4-84D3-7127E9EEE546}.Release|Any CPU.Build.0 = Release|Any CPU
	EndGlobalSection
	GlobalSection(SolutionProperties) = preSolution
		HideSolutionNode = FALSE
	EndGlobalSection
	GlobalSection(ExtensibilityGlobals) = postSolution
		SolutionGuid = {5A086BF5-ECDF-4F18-88B6-7D919D2CCFEE}
	EndGlobalSection
EndGlobal
